
Microsoft Visual Studio Solution File, Format Version 12.00
# Visual Studio Version 16
VisualStudioVersion = 16.0.31727.386
MinimumVisualStudioVersion = 10.0.40219.1
Project("{9A19103F-16F7-4668-BE54-9A1E7A4F7556}") = "CollegeManagementSystem", "CollegeManagementSystem\CollegeManagementSystem.csproj", "{772D1ADA-EC59-42EA-B76D-80FBB86EA026}"
EndProject
Project("{2150E333-8FDC-42A3-9474-1A3956D46DE8}") = "Solution Items", "Solution Items", "{EC9F1D52-CEC8-44AE-9320-4F589F84DBB0}"
	ProjectSection(SolutionItems) = preProject
		.editorconfig = .editorconfig
	EndProjectSection
EndProject
Global
	GlobalSection(SolutionConfigurationPlatforms) = preSolution
		Debug|Any CPU = Debug|Any CPU
		Release|Any CPU = Release|Any CPU
	EndGlobalSection
	GlobalSection(ProjectConfigurationPlatforms) = postSolution
		{772D1ADA-EC59-42EA-B76D-80FBB86EA026}.Debug|Any CPU.ActiveCfg = Debug|Any CPU
		{772D1ADA-EC59-42EA-B76D-80FBB86EA026}.Debug|Any CPU.Build.0 = Debug|Any CPU
		{772D1ADA-EC59-42EA-B76D-80FBB86EA026}.Release|Any CPU.ActiveCfg = Release|Any CPU
		{772D1ADA-EC59-42EA-B76D-80FBB86EA026}.Release|Any CPU.Build.0 = Release|Any CPU
	EndGlobalSection
	GlobalSection(SolutionProperties) = preSolution
		HideSolutionNode = FALSE
	EndGlobalSection
	GlobalSection(ExtensibilityGlobals) = postSolution
		SolutionGuid = {E29520DB-71D8-4F7C-A711-6B56926ECB3B}
	EndGlobalSection
EndGlobal
